<?xml version="1.0" encoding="utf-8"?>
<Project ToolsVersion="4.0" xmlns="http://schemas.microsoft.com/developer/msbuild/2003">
  <ItemGroup>
    <Filter Include="Source Files">
      <UniqueIdentifier>{4FC737F1-C7A5-4376-A066-2A32D752A2FF}</UniqueIdentifier>
      <Extensions>cpp;c;cc;cxx;def;odl;idl;hpj;bat;asm;asmx</Extensions>
    </Filter>
    <Filter Include="Header Files">
      <UniqueIdentifier>{93995380-89BD-4b04-88EB-625FBE52EBFB}</UniqueIdentifier>
      <Extensions>h;hh;hpp;hxx;hm;inl;inc;ipp;xsd</Extensions>
    </Filter>
    <Filter Include="Resource Files">
      <UniqueIdentifier>{67DA6AB6-F800-4c08-8B7A-83BB121AAD01}</UniqueIdentifier>
      <Extensions>rc;ico;cur;bmp;dlg;rc2;rct;bin;rgs;gif;jpg;jpeg;jpe;resx;tiff;tif;png;wav;mfcribbon-ms</Extensions>
    </Filter>
  </ItemGroup>
  <ItemGroup>
    <ClInclude Include="source\opengl\texture.h">
      <Filter>Header Files</Filter>
    </ClInclude>
    <ClInclude Include="source\opengl\enumerators\attachment-point.h">
      <Filter>Header Files</Filter>
    </ClInclude>
    <ClInclude Include="source\opengl\enumerators\attribute-bit.h">
      <Filter>Header Files</Filter>
    </ClInclude>
    <ClInclude Include="source\opengl\enumerators\blend-factor.h">
      <Filter>Header Files</Filter>
    </ClInclude>
    <ClInclude Include="source\opengl\enumerators\data-type.h">
      <Filter>Header Files</Filter>
    </ClInclude>
    <ClInclude Include="source\opengl\enumerators\data-usage.h">
      <Filter>Header Files</Filter>
    </ClInclude>
    <ClInclude Include="source\opengl\enumerators\draw-buffer-mode.h">
      <Filter>Header Files</Filter>
    </ClInclude>
    <ClInclude Include="source\opengl\enumerators\draw-mode.h">
      <Filter>Header Files</Filter>
    </ClInclude>
    <ClInclude Include="source\opengl\enumerators\framebuffer-status.h">
      <Filter>Header Files</Filter>
    </ClInclude>
    <ClInclude Include="source\opengl\enumerators\framebuffer-target.h">
      <Filter>Header Files</Filter>
    </ClInclude>
    <ClInclude Include="source\opengl\enumerators\magnification-filter-value.h">
      <Filter>Header Files</Filter>
    </ClInclude>
    <ClInclude Include="source\opengl\enumerators\minification-filter-value.h">
      <Filter>Header Files</Filter>
    </ClInclude>
    <ClInclude Include="source\opengl\enumerators\opengl-profile.h">
      <Filter>Header Files</Filter>
    </ClInclude>
    <ClInclude Include="source\opengl\enumerators\pixel-read-colour-format.h">
      <Filter>Header Files</Filter>
    </ClInclude>
    <ClInclude Include="source\opengl\enumerators\read-buffer-mode.h">
      <Filter>Header Files</Filter>
    </ClInclude>
    <ClInclude Include="source\opengl\enumerators\shader-type.h">
      <Filter>Header Files</Filter>
    </ClInclude>
    <ClInclude Include="source\opengl\enumerators\target-buffer.h">
      <Filter>Header Files</Filter>
    </ClInclude>
    <ClInclude Include="source\opengl\enumerators\target-texture.h">
      <Filter>Header Files</Filter>
    </ClInclude>
    <ClInclude Include="source\opengl\enumerators\texture-compare-func.h">
      <Filter>Header Files</Filter>
    </ClInclude>
    <ClInclude Include="source\opengl\enumerators\texture-compare-mode.h">
      <Filter>Header Files</Filter>
    </ClInclude>
    <ClInclude Include="source\opengl\enumerators\texture-format.h">
      <Filter>Header Files</Filter>
    </ClInclude>
    <ClInclude Include="source\opengl\enumerators\texture-internal-format.h">
      <Filter>Header Files</Filter>
    </ClInclude>
    <ClInclude Include="source\opengl\enumerators\texture-parameter.h">
      <Filter>Header Files</Filter>
    </ClInclude>
    <ClInclude Include="source\opengl\enumerators\texture-wrap-mode.h">
      <Filter>Header Files</Filter>
    </ClInclude>
    <ClInclude Include="source\opengl\enumerators\window-hint.h">
      <Filter>Header Files</Filter>
    </ClInclude>
    <ClInclude Include="source\opengl\frame-buffer.h">
      <Filter>Header Files</Filter>
    </ClInclude>
    <ClInclude Include="source\opengl\vertex-buffer.h">
      <Filter>Header Files</Filter>
    </ClInclude>
    <ClInclude Include="source\opengl\index-buffer.h">
      <Filter>Header Files</Filter>
    </ClInclude>
    <ClInclude Include="source\opengl\shader-program.h">
      <Filter>Header Files</Filter>
    </ClInclude>
    <ClInclude Include="source\opengl\shader.h">
      <Filter>Header Files</Filter>
    </ClInclude>
    <ClInclude Include="source\opengl\error.h">
      <Filter>Header Files</Filter>
    </ClInclude>
    <ClInclude Include="source\opengl\opengl-exception.h">
      <Filter>Header Files</Filter>
    </ClInclude>
    <ClInclude Include="source\opengl\render-buffer.h">
      <Filter>Header Files</Filter>
    </ClInclude>
    <ClInclude Include="source\opengl\vertex-array.h">
      <Filter>Header Files</Filter>
    </ClInclude>
    <ClInclude Include="source\opengl\vertex-attribute-array.h">
      <Filter>Header Files</Filter>
    </ClInclude>
    <ClInclude Include="source\opengl\system.h">
      <Filter>Header Files</Filter>
    </ClInclude>
    <ClInclude Include="source\opengl\state-manager.h">
      <Filter>Header Files</Filter>
    </ClInclude>
    <ClInclude Include="source\opengl\window.h">
      <Filter>Header Files</Filter>
    </ClInclude>
    <ClInclude Include="source\opengl\factories\render-buffer-factory.h">
      <Filter>Header Files</Filter>
    </ClInclude>
    <ClInclude Include="source\opengl\factories\texture-factory.h">
      <Filter>Header Files</Filter>
    </ClInclude>
    <ClInclude Include="source\opengl\factories\frame-buffer-factory.h">
      <Filter>Header Files</Filter>
    </ClInclude>
    <ClInclude Include="source\opengl\factories\shader-factory.h">
      <Filter>Header Files</Filter>
    </ClInclude>
  </ItemGroup>
  <ItemGroup>
    <ClCompile Include="source\opengl\texture.cpp">
      <Filter>Source Files</Filter>
    </ClCompile>
    <ClCompile Include="source\opengl\frame-buffer.cpp">
      <Filter>Source Files</Filter>
    </ClCompile>
    <ClCompile Include="source\opengl\vertex-buffer.cpp">
      <Filter>Source Files</Filter>
    </ClCompile>
    <ClCompile Include="source\opengl\index-buffer.cpp">
      <Filter>Source Files</Filter>
    </ClCompile>
    <ClCompile Include="source\opengl\shader-program.cpp">
      <Filter>Source Files</Filter>
    </ClCompile>
    <ClCompile Include="source\opengl\shader.cpp">
      <Filter>Source Files</Filter>
    </ClCompile>
    <ClCompile Include="source\opengl\error.cpp">
      <Filter>Source Files</Filter>
    </ClCompile>
    <ClCompile Include="source\opengl\opengl-exception.cpp">
      <Filter>Source Files</Filter>
    </ClCompile>
    <ClCompile Include="source\opengl\render-buffer.cpp">
      <Filter>Source Files</Filter>
    </ClCompile>
    <ClCompile Include="source\opengl\vertex-array.cpp">
      <Filter>Source Files</Filter>
    </ClCompile>
    <ClCompile Include="source\opengl\vertex-attribute-array.cpp">
      <Filter>Source Files</Filter>
    </ClCompile>
    <ClCompile Include="source\opengl\system.cpp">
      <Filter>Source Files</Filter>
    </ClCompile>
    <ClCompile Include="source\opengl\state-manager.cpp">
      <Filter>Source Files</Filter>
    </ClCompile>
    <ClCompile Include="source\opengl\window.cpp">
      <Filter>Source Files</Filter>
    </ClCompile>
    <ClCompile Include="source\opengl\factories\render-buffer-factory.cpp">
      <Filter>Source Files</Filter>
    </ClCompile>
    <ClCompile Include="source\opengl\factories\texture-factory.cpp">
      <Filter>Source Files</Filter>
    </ClCompile>
    <ClCompile Include="source\opengl\factories\frame-buffer-factory.cpp">
      <Filter>Source Files</Filter>
    </ClCompile>
    <ClCompile Include="source\opengl\factories\shader-factory.cpp">
      <Filter>Source Files</Filter>
    </ClCompile>
  </ItemGroup>
</Project>