
Microsoft Visual Studio Solution File, Format Version 12.00
# Visual Studio Version 16
VisualStudioVersion = 16.0.29306.81
MinimumVisualStudioVersion = 10.0.40219.1
Project("{8BC9CEB8-8B4A-11D0-8D11-00A0C91BC942}") = "synonms.gfx", "synonms.gfx\synonms.gfx.vcxproj", "{B9F86DBB-CC7E-466B-9A51-7C6124A3C260}"
	ProjectSection(ProjectDependencies) = postProject
		{AEEA6361-CBB9-4DCE-B9BE-A297A7A61DC0} = {AEEA6361-CBB9-4DCE-B9BE-A297A7A61DC0}
		{1D616874-6476-4076-BD5C-EF242CF05EFD} = {1D616874-6476-4076-BD5C-EF242CF05EFD}
	EndProjectSection
EndProject
Project("{8BC9CEB8-8B4A-11D0-8D11-00A0C91BC942}") = "synonms.gfx.console", "synonms.gfx.console\synonms.gfx.console.vcxproj", "{AFA1DF3C-00FD-4E94-AC16-1D7FB65C475C}"
	ProjectSection(ProjectDependencies) = postProject
		{AEEA6361-CBB9-4DCE-B9BE-A297A7A61DC0} = {AEEA6361-CBB9-4DCE-B9BE-A297A7A61DC0}
		{B9F86DBB-CC7E-466B-9A51-7C6124A3C260} = {B9F86DBB-CC7E-466B-9A51-7C6124A3C260}
	EndProjectSection
EndProject
Project("{8BC9CEB8-8B4A-11D0-8D11-00A0C91BC942}") = "synonms.gfx.proxies.imgui", "synonms.gfx.proxies.imgui\synonms.gfx.proxies.imgui.vcxproj", "{1D616874-6476-4076-BD5C-EF242CF05EFD}"
EndProject
Project("{8BC9CEB8-8B4A-11D0-8D11-00A0C91BC942}") = "synonms.gfx.api.opengl", "synonms.gfx.api.opengl\synonms.gfx.api.opengl.vcxproj", "{AEEA6361-CBB9-4DCE-B9BE-A297A7A61DC0}"
EndProject
Global
	GlobalSection(SolutionConfigurationPlatforms) = preSolution
		Debug|x64 = Debug|x64
		Debug|x86 = Debug|x86
		Release|x64 = Release|x64
		Release|x86 = Release|x86
	EndGlobalSection
	GlobalSection(ProjectConfigurationPlatforms) = postSolution
		{B9F86DBB-CC7E-466B-9A51-7C6124A3C260}.Debug|x64.ActiveCfg = Debug|x64
		{B9F86DBB-CC7E-466B-9A51-7C6124A3C260}.Debug|x64.Build.0 = Debug|x64
		{B9F86DBB-CC7E-466B-9A51-7C6124A3C260}.Debug|x86.ActiveCfg = Debug|Win32
		{B9F86DBB-CC7E-466B-9A51-7C6124A3C260}.Debug|x86.Build.0 = Debug|Win32
		{B9F86DBB-CC7E-466B-9A51-7C6124A3C260}.Release|x64.ActiveCfg = Release|x64
		{B9F86DBB-CC7E-466B-9A51-7C6124A3C260}.Release|x64.Build.0 = Release|x64
		{B9F86DBB-CC7E-466B-9A51-7C6124A3C260}.Release|x86.ActiveCfg = Release|Win32
		{B9F86DBB-CC7E-466B-9A51-7C6124A3C260}.Release|x86.Build.0 = Release|Win32
		{AFA1DF3C-00FD-4E94-AC16-1D7FB65C475C}.Debug|x64.ActiveCfg = Debug|x64
		{AFA1DF3C-00FD-4E94-AC16-1D7FB65C475C}.Debug|x64.Build.0 = Debug|x64
		{AFA1DF3C-00FD-4E94-AC16-1D7FB65C475C}.Debug|x86.ActiveCfg = Debug|Win32
		{AFA1DF3C-00FD-4E94-AC16-1D7FB65C475C}.Debug|x86.Build.0 = Debug|Win32
		{AFA1DF3C-00FD-4E94-AC16-1D7FB65C475C}.Release|x64.ActiveCfg = Release|x64
		{AFA1DF3C-00FD-4E94-AC16-1D7FB65C475C}.Release|x64.Build.0 = Release|x64
		{AFA1DF3C-00FD-4E94-AC16-1D7FB65C475C}.Release|x86.ActiveCfg = Release|Win32
		{AFA1DF3C-00FD-4E94-AC16-1D7FB65C475C}.Release|x86.Build.0 = Release|Win32
		{1D616874-6476-4076-BD5C-EF242CF05EFD}.Debug|x64.ActiveCfg = Debug|x64
		{1D616874-6476-4076-BD5C-EF242CF05EFD}.Debug|x64.Build.0 = Debug|x64
		{1D616874-6476-4076-BD5C-EF242CF05EFD}.Debug|x86.ActiveCfg = Debug|Win32
		{1D616874-6476-4076-BD5C-EF242CF05EFD}.Debug|x86.Build.0 = Debug|Win32
		{1D616874-6476-4076-BD5C-EF242CF05EFD}.Release|x64.ActiveCfg = Release|x64
		{1D616874-6476-4076-BD5C-EF242CF05EFD}.Release|x64.Build.0 = Release|x64
		{1D616874-6476-4076-BD5C-EF242CF05EFD}.Release|x86.ActiveCfg = Release|Win32
		{1D616874-6476-4076-BD5C-EF242CF05EFD}.Release|x86.Build.0 = Release|Win32
		{AEEA6361-CBB9-4DCE-B9BE-A297A7A61DC0}.Debug|x64.ActiveCfg = Debug|x64
		{AEEA6361-CBB9-4DCE-B9BE-A297A7A61DC0}.Debug|x64.Build.0 = Debug|x64
		{AEEA6361-CBB9-4DCE-B9BE-A297A7A61DC0}.Debug|x86.ActiveCfg = Debug|Win32
		{AEEA6361-CBB9-4DCE-B9BE-A297A7A61DC0}.Debug|x86.Build.0 = Debug|Win32
		{AEEA6361-CBB9-4DCE-B9BE-A297A7A61DC0}.Release|x64.ActiveCfg = Release|x64
		{AEEA6361-CBB9-4DCE-B9BE-A297A7A61DC0}.Release|x64.Build.0 = Release|x64
		{AEEA6361-CBB9-4DCE-B9BE-A297A7A61DC0}.Release|x86.ActiveCfg = Release|Win32
		{AEEA6361-CBB9-4DCE-B9BE-A297A7A61DC0}.Release|x86.Build.0 = Release|Win32
	EndGlobalSection
	GlobalSection(SolutionProperties) = preSolution
		HideSolutionNode = FALSE
	EndGlobalSection
	GlobalSection(ExtensibilityGlobals) = postSolution
		SolutionGuid = {F3978BBA-0412-47DB-9AE5-8AAEA99F7CE2}
	EndGlobalSection
EndGlobal
