<?xml version="1.0" encoding="utf-8"?>
<Project ToolsVersion="4.0" xmlns="http://schemas.microsoft.com/developer/msbuild/2003">
  <ItemGroup>
    <Filter Include="Source Files">
      <UniqueIdentifier>{4FC737F1-C7A5-4376-A066-2A32D752A2FF}</UniqueIdentifier>
      <Extensions>cpp;c;cc;cxx;def;odl;idl;hpj;bat;asm;asmx</Extensions>
    </Filter>
    <Filter Include="Header Files">
      <UniqueIdentifier>{93995380-89BD-4b04-88EB-625FBE52EBFB}</UniqueIdentifier>
      <Extensions>h;hh;hpp;hxx;hm;inl;inc;ipp;xsd</Extensions>
    </Filter>
    <Filter Include="Resource Files">
      <UniqueIdentifier>{67DA6AB6-F800-4c08-8B7A-83BB121AAD01}</UniqueIdentifier>
      <Extensions>rc;ico;cur;bmp;dlg;rc2;rct;bin;rgs;gif;jpg;jpeg;jpe;resx;tiff;tif;png;wav;mfcribbon-ms</Extensions>
    </Filter>
  </ItemGroup>
  <ItemGroup>
    <ClCompile Include="source\gfx\io\file-system.cpp">
      <Filter>Source Files</Filter>
    </ClCompile>
    <ClCompile Include="source\gfx\primitives\mesh.cpp">
      <Filter>Source Files</Filter>
    </ClCompile>
    <ClCompile Include="source\gfx\enumerators\data-type.cpp">
      <Filter>Source Files</Filter>
    </ClCompile>
    <ClCompile Include="source\vendor\stb_image\stb-image.cpp">
      <Filter>Source Files</Filter>
    </ClCompile>
    <ClCompile Include="source\gfx\gui\gui-helper.cpp">
      <Filter>Source Files</Filter>
    </ClCompile>
    <ClCompile Include="source\gfx\mathematics\maths-helper.cpp">
      <Filter>Source Files</Filter>
    </ClCompile>
    <ClCompile Include="source\gfx\environment\perspective-view.cpp">
      <Filter>Source Files</Filter>
    </ClCompile>
    <ClCompile Include="source\gfx\environment\orthographic-view.cpp">
      <Filter>Source Files</Filter>
    </ClCompile>
    <ClCompile Include="source\gfx\primitives\primitive-factory.cpp">
      <Filter>Source Files</Filter>
    </ClCompile>
    <ClCompile Include="source\gfx\shaders\shader-builder.cpp">
      <Filter>Source Files</Filter>
    </ClCompile>
    <ClCompile Include="source\gfx\materials\material.cpp">
      <Filter>Source Files</Filter>
    </ClCompile>
    <ClCompile Include="source\gfx\output\pane.cpp">
      <Filter>Source Files</Filter>
    </ClCompile>
    <ClCompile Include="source\gfx\io\image-file.cpp">
      <Filter>Source Files</Filter>
    </ClCompile>
    <ClCompile Include="source\gfx\shaders\shader-extensions.cpp">
      <Filter>Source Files</Filter>
    </ClCompile>
    <ClCompile Include="source\gfx\shaders\phong-shader.cpp">
      <Filter>Source Files</Filter>
    </ClCompile>
    <ClCompile Include="source\gfx\shaders\buffer-shader.cpp">
      <Filter>Source Files</Filter>
    </ClCompile>
    <ClCompile Include="source\gfx\shaders\shadowmap-shader.cpp">
      <Filter>Source Files</Filter>
    </ClCompile>
  </ItemGroup>
  <ItemGroup>
    <ClInclude Include="source\gfx\io\file-system.h">
      <Filter>Header Files</Filter>
    </ClInclude>
    <ClInclude Include="source\gfx\primitives\mesh.h">
      <Filter>Header Files</Filter>
    </ClInclude>
    <ClInclude Include="source\gfx\enumerators\data-type.h">
      <Filter>Header Files</Filter>
    </ClInclude>
    <ClInclude Include="source\vendor\stb_image\stb-image.h">
      <Filter>Header Files</Filter>
    </ClInclude>
    <ClInclude Include="source\gfx\gui\gui-helper.h">
      <Filter>Header Files</Filter>
    </ClInclude>
    <ClInclude Include="source\gfx\mathematics\maths-helper.h">
      <Filter>Header Files</Filter>
    </ClInclude>
    <ClInclude Include="source\gfx\environment\camera.h">
      <Filter>Header Files</Filter>
    </ClInclude>
    <ClInclude Include="source\gfx\environment\perspective-view.h">
      <Filter>Header Files</Filter>
    </ClInclude>
    <ClInclude Include="source\gfx\environment\orthographic-view.h">
      <Filter>Header Files</Filter>
    </ClInclude>
    <ClInclude Include="source\gfx\primitives\mesh-instance.h">
      <Filter>Header Files</Filter>
    </ClInclude>
    <ClInclude Include="source\gfx\mathematics\linear\matrix2x2.h">
      <Filter>Header Files</Filter>
    </ClInclude>
    <ClInclude Include="source\gfx\mathematics\linear\matrix3x3.h">
      <Filter>Header Files</Filter>
    </ClInclude>
    <ClInclude Include="source\gfx\mathematics\linear\matrix4x4.h">
      <Filter>Header Files</Filter>
    </ClInclude>
    <ClInclude Include="source\gfx\mathematics\linear\vector2.h">
      <Filter>Header Files</Filter>
    </ClInclude>
    <ClInclude Include="source\gfx\mathematics\linear\vector3.h">
      <Filter>Header Files</Filter>
    </ClInclude>
    <ClInclude Include="source\gfx\mathematics\linear\vector4.h">
      <Filter>Header Files</Filter>
    </ClInclude>
    <ClInclude Include="source\gfx\environment\light.h">
      <Filter>Header Files</Filter>
    </ClInclude>
    <ClInclude Include="source\gfx\primitives\primitive-factory.h">
      <Filter>Header Files</Filter>
    </ClInclude>
    <ClInclude Include="source\gfx\shaders\shader-builder.h">
      <Filter>Header Files</Filter>
    </ClInclude>
    <ClInclude Include="source\gfx\materials\material.h">
      <Filter>Header Files</Filter>
    </ClInclude>
    <ClInclude Include="source\gfx\environment\i-view.h">
      <Filter>Header Files</Filter>
    </ClInclude>
    <ClInclude Include="source\gfx\shaders\phong-shader-uniforms.h">
      <Filter>Header Files</Filter>
    </ClInclude>
    <ClInclude Include="source\gfx\primitives\vertex.h">
      <Filter>Header Files</Filter>
    </ClInclude>
    <ClInclude Include="source\gfx\output\pane.h">
      <Filter>Header Files</Filter>
    </ClInclude>
    <ClInclude Include="source\gfx\io\image-file.h">
      <Filter>Header Files</Filter>
    </ClInclude>
    <ClInclude Include="source\gfx\shaders\shader-extensions.h">
      <Filter>Header Files</Filter>
    </ClInclude>
    <ClInclude Include="source\gfx\shaders\phong-shader.h">
      <Filter>Header Files</Filter>
    </ClInclude>
    <ClInclude Include="source\gfx\shaders\buffer-shader.h">
      <Filter>Header Files</Filter>
    </ClInclude>
    <ClInclude Include="source\gfx\shaders\shadowmap-shader.h">
      <Filter>Header Files</Filter>
    </ClInclude>
  </ItemGroup>
  <ItemGroup>
    <None Include="resources\shaders\phong.fragment.glsl" />
    <None Include="resources\shaders\phong.vertex.glsl" />
    <None Include="resources\shaders\shadowmap.vertex.glsl" />
    <None Include="resources\shaders\shadowmap.fragment.glsl" />
    <None Include="resources\shaders\buffer.vertex.glsl" />
    <None Include="resources\shaders\buffer.fragment.glsl" />
  </ItemGroup>
  <ItemGroup>
    <Image Include="resources\textures\UVCheckerBoard-2048x2048.png">
      <Filter>Resource Files</Filter>
    </Image>
    <Image Include="resources\textures\UVCheckerBoard-specular-2048x2048.png">
      <Filter>Resource Files</Filter>
    </Image>
    <Image Include="resources\textures\UVCubemap-2048x1536.png">
      <Filter>Resource Files</Filter>
    </Image>
  </ItemGroup>
</Project>